
Microsoft Visual Studio Solution File, Format Version 12.00
# Visual Studio Version 17
VisualStudioVersion = 17.4.33122.133
MinimumVisualStudioVersion = 10.0.40219.1
Project("{9A19103F-16F7-4668-BE54-9A1E7A4F7556}") = "DBMSPain", "DBMSPain.csproj", "{2FD95C09-B847-4B8B-8C5B-75B0E88BBFE1}"
EndProject
Project("{FAE04EC0-301F-11D3-BF4B-00C04F79EFBC}") = "DBMS_UI", "..\DBMS_UI\DBMS_UI.csproj", "{2BAAE108-C546-4BD7-96AB-6B75DF916186}"
EndProject
Global
	GlobalSection(SolutionConfigurationPlatforms) = preSolution
		Debug|Any CPU = Debug|Any CPU
		Release|Any CPU = Release|Any CPU
	EndGlobalSection
	GlobalSection(ProjectConfigurationPlatforms) = postSolution
		{2FD95C09-B847-4B8B-8C5B-75B0E88BBFE1}.Debug|Any CPU.ActiveCfg = Debug|Any CPU
		{2FD95C09-B847-4B8B-8C5B-75B0E88BBFE1}.Debug|Any CPU.Build.0 = Debug|Any CPU
		{2FD95C09-B847-4B8B-8C5B-75B0E88BBFE1}.Release|Any CPU.ActiveCfg = Release|Any CPU
		{2FD95C09-B847-4B8B-8C5B-75B0E88BBFE1}.Release|Any CPU.Build.0 = Release|Any CPU
		{2BAAE108-C546-4BD7-96AB-6B75DF916186}.Debug|Any CPU.ActiveCfg = Debug|Any CPU
		{2BAAE108-C546-4BD7-96AB-6B75DF916186}.Debug|Any CPU.Build.0 = Debug|Any CPU
		{2BAAE108-C546-4BD7-96AB-6B75DF916186}.Release|Any CPU.ActiveCfg = Release|Any CPU
		{2BAAE108-C546-4BD7-96AB-6B75DF916186}.Release|Any CPU.Build.0 = Release|Any CPU
	EndGlobalSection
	GlobalSection(SolutionProperties) = preSolution
		HideSolutionNode = FALSE
	EndGlobalSection
	GlobalSection(ExtensibilityGlobals) = postSolution
		SolutionGuid = {B54B3477-F63F-4F5B-8E89-86A13B67B0D9}
	EndGlobalSection
EndGlobal
